github.com/google/uuid v1.6.0 h1:NIvaJDMOsjHA8n1jAhLSgzrAzy1Hgr+hNrb57e+94F0=
github.com/google/uuid v1.6.0/go.mod h1:TIyPZe4MgqvfeYDBFedMoGGpEw/LqOeaOT+nhxU+yHo=
go.olapie.com/x/xtest v0.1.0 h1:RSpCaCTpFAYlhneaFsdo4Z7saXasRT72otOEUvrmVRk=
go.olapie.com/x/xtest v0.1.0/go.mod h1:VpuunW0086ZFLcZ0Iu8BhjaCSLxjgsvouDgS5zlPIC0=
go.olapie.com/x/xtest v0.2.0/go.mod h1:VpuunW0086ZFLcZ0Iu8BhjaCSLxjgsvouDgS5zlPIC0=
