github.com/google/uuid v1.6.0 h1:NIvaJDMOsjHA8n1jAhLSgzrAzy1Hgr+hNrb57e+94F0=
github.com/google/uuid v1.6.0/go.mod h1:TIyPZe4MgqvfeYDBFedMoGGpEw/LqOeaOT+nhxU+yHo=
go.olapie.com/security v0.2.2 h1:A8A07Nf9ikzZssCWPf5fZF6k2QPsh4Rbtg5Bb+jZWrY=
go.olapie.com/security v0.2.2/go.mod h1:NvOu7H7TFc2TBMLKroaagYzPSU8ztTCFvQbRDBD3ZtI=
