github.com/google/uuid v1.6.0 h1:NIvaJDMOsjHA8n1jAhLSgzrAzy1Hgr+hNrb57e+94F0=
github.com/google/uuid v1.6.0/go.mod h1:TIyPZe4MgqvfeYDBFedMoGGpEw/LqOeaOT+nhxU+yHo=
go.olapie.com/x/xrand v0.1.0 h1:iY+NBwZoB5V7Cwnc9W2boJYexqwMTvLF1O+IjvRhcug=
go.olapie.com/x/xrand v0.1.0/go.mod h1:3XHRyMQ5HbQNxuKzrHGmwZAr1pyOEvjo6ni0tnEaMg0=
