github.com/google/uuid v1.6.0 h1:NIvaJDMOsjHA8n1jAhLSgzrAzy1Hgr+hNrb57e+94F0=
github.com/google/uuid v1.6.0/go.mod h1:TIyPZe4MgqvfeYDBFedMoGGpEw/LqOeaOT+nhxU+yHo=
go.olapie.com/x/xbase62 v0.1.0 h1:dtDRFCA1S1zyam4LQntYus17UzfPEmc77YCB65tVVtU=
go.olapie.com/x/xbase62 v0.1.0/go.mod h1:Yx8CATE0o5UOF3bnSo+TbXvhnJKZT27AlSbvly4I0qI=
go.olapie.com/x/xbase62 v0.1.1 h1:NavMU+vgqWAty2nyKCmTa7SpWyIDdzrbegQbo/1E2YY=
go.olapie.com/x/xbase62 v0.1.1/go.mod h1:Yx8CATE0o5UOF3bnSo+TbXvhnJKZT27AlSbvly4I0qI=
go.olapie.com/x/xtest v0.1.0 h1:RSpCaCTpFAYlhneaFsdo4Z7saXasRT72otOEUvrmVRk=
go.olapie.com/x/xtest v0.1.0/go.mod h1:VpuunW0086ZFLcZ0Iu8BhjaCSLxjgsvouDgS5zlPIC0=
golang.org/x/crypto v0.22.0 h1:g1v0xeRhjcugydODzvb3mEM9SQ0HGp9s/nh3COQ/C30=
golang.org/x/crypto v0.22.0/go.mod h1:vr6Su+7cTlO45qkww3VDJlzDn0ctJvRgYbC2NvXHt+M=
golang.org/x/crypto v0.23.0 h1:dIJU/v2J8Mdglj/8rJ6UUOM3Zc9zLZxVZwwxMooUSAI=
golang.org/x/crypto v0.23.0/go.mod h1:CKFgDieR+mRhux2Lsu27y0fO304Db0wZe70UKqHu0v8=
golang.org/x/sys v0.19.0 h1:q5f1RH2jigJ1MoAWp2KTp3gm5zAGFUTarQZ5U386+4o=
golang.org/x/sys v0.19.0/go.mod h1:/VUhepiaJMQUp4+oa/7Zr1D23ma6VTLIYjOOTFZPUcA=
golang.org/x/sys v0.20.0 h1:Od9JTbYCk261bKm4M/mw7AklTlFYIa0bIp9BgSm1S8Y=
golang.org/x/sys v0.20.0/go.mod h1:/VUhepiaJMQUp4+oa/7Zr1D23ma6VTLIYjOOTFZPUcA=
